<?xml version="1.0" encoding="utf-8"?>
<Project ToolsVersion="4.0" xmlns="http://schemas.microsoft.com/developer/msbuild/2003">
  <ItemGroup>
    <Filter Include="Source Files">
      <UniqueIdentifier>{4FC737F1-C7A5-4376-A066-2A32D752A2FF}</UniqueIdentifier>
      <Extensions>cpp;c;cc;cxx;c++;cppm;ixx;def;odl;idl;hpj;bat;asm;asmx</Extensions>
    </Filter>
    <Filter Include="Header Files">
      <UniqueIdentifier>{93995380-89BD-4b04-88EB-625FBE52EBFB}</UniqueIdentifier>
      <Extensions>h;hh;hpp;hxx;h++;hm;inl;inc;ipp;xsd</Extensions>
    </Filter>
    <Filter Include="Resource Files">
      <UniqueIdentifier>{67DA6AB6-F800-4c08-8B7A-83BB121AAD01}</UniqueIdentifier>
      <Extensions>rc;ico;cur;bmp;dlg;rc2;rct;bin;rgs;gif;jpg;jpeg;jpe;resx;tiff;tif;png;wav;mfcribbon-ms</Extensions>
    </Filter>
    <Filter Include="Logger">
      <UniqueIdentifier>{cee221d5-9db7-472e-9696-e959a199e973}</UniqueIdentifier>
    </Filter>
    <Filter Include="Model">
      <UniqueIdentifier>{83ea8928-756f-4582-81a6-9c35418683c5}</UniqueIdentifier>
    </Filter>
    <Filter Include="Definitions">
      <UniqueIdentifier>{ef8cee1a-4375-4806-a02d-d8760b5a250a}</UniqueIdentifier>
    </Filter>
    <Filter Include="Helper">
      <UniqueIdentifier>{04da349e-cd97-47af-a4cd-8cf6ffc817b6}</UniqueIdentifier>
    </Filter>
  </ItemGroup>
  <ItemGroup>
    <ClCompile Include="Logger.cpp">
      <Filter>Logger</Filter>
    </ClCompile>
    <ClCompile Include="Connection.cpp">
      <Filter>Model</Filter>
    </ClCompile>
    <ClCompile Include="Client.cpp">
      <Filter>Model</Filter>
    </ClCompile>
    <ClCompile Include="Server.cpp">
      <Filter>Model</Filter>
    </ClCompile>
    <ClCompile Include="messages.pb.cc">
      <Filter>Definitions</Filter>
    </ClCompile>
  </ItemGroup>
  <ItemGroup>
    <ClInclude Include="Logger.h">
      <Filter>Logger</Filter>
    </ClInclude>
    <ClInclude Include="Timer.h">
      <Filter>Header Files</Filter>
    </ClInclude>
    <ClInclude Include="Connection.h">
      <Filter>Model</Filter>
    </ClInclude>
    <ClInclude Include="ThreadSafeQueue.h">
      <Filter>Model</Filter>
    </ClInclude>
    <ClInclude Include="Client.h">
      <Filter>Model</Filter>
    </ClInclude>
    <ClInclude Include="Server.h">
      <Filter>Model</Filter>
    </ClInclude>
    <ClInclude Include="Messages.h">
      <Filter>Definitions</Filter>
    </ClInclude>
    <ClInclude Include="Defs.h">
      <Filter>Definitions</Filter>
    </ClInclude>
    <ClInclude Include="messages.pb.h">
      <Filter>Definitions</Filter>
    </ClInclude>
    <ClInclude Include="Helper.h">
      <Filter>Helper</Filter>
    </ClInclude>
  </ItemGroup>
</Project>